{
  "version": 4,
  "terraform_version": "1.8.3",
  "serial": 655,
  "lineage": "5bba9260-8fbf-35f1-6f42-302c21c52106",
  "outputs": {},
  "resources": [
    {
      "mode": "data",
      "type": "azurerm_resource_group",
      "name": "rg",
      "provider": "provider[\"registry.terraform.io/hashicorp/azurerm\"]",
      "instances": [
        {
          "schema_version": 0,
          "attributes": {
            "id": "/subscriptions/c19d7631-6513-47a9-853a-70d1fe3ee746/resourceGroups/rg",
            "location": "westus",
            "managed_by": "",
            "name": "rg",
            "tags": {},
            "timeouts": null
          },
          "sensitive_attributes": []
        }
      ]
    },
    {
      "mode": "managed",
      "type": "azuread_group",
      "name": "example_group",
      "provider": "provider[\"registry.terraform.io/hashicorp/azuread\"]",
      "instances": [
        {
          "schema_version": 0,
          "attributes": {
            "administrative_unit_ids": null,
            "assignable_to_role": false,
            "auto_subscribe_new_members": false,
            "behaviors": null,
            "description": "",
            "display_name": "ExampleGroup",
            "dynamic_membership": [],
            "external_senders_allowed": false,
            "hide_from_address_lists": false,
            "hide_from_outlook_clients": false,
            "id": "f766110a-7e7e-4ec6-8ec9-eab0e9b80174",
            "mail": "",
            "mail_enabled": false,
            "mail_nickname": "08fd0d84-e",
            "members": [],
            "object_id": "f766110a-7e7e-4ec6-8ec9-eab0e9b80174",
            "onpremises_domain_name": "",
            "onpremises_group_type": "",
            "onpremises_netbios_name": "",
            "onpremises_sam_account_name": "",
            "onpremises_security_identifier": "",
            "onpremises_sync_enabled": false,
            "owners": [
              "b2aa2a97-3cf7-42c5-b50c-567f71b16b2f"
            ],
            "preferred_language": "",
            "prevent_duplicate_names": false,
            "provisioning_options": null,
            "proxy_addresses": [],
            "security_enabled": true,
            "theme": "",
            "timeouts": null,
            "types": null,
            "visibility": "",
            "writeback_enabled": false
          },
          "sensitive_attributes": [],
          "private": "eyJlMmJmYjczMC1lY2FhLTExZTYtOGY4OC0zNDM2M2JjN2M0YzAiOnsiY3JlYXRlIjoxMjAwMDAwMDAwMDAwLCJkZWxldGUiOjMwMDAwMDAwMDAwMCwicmVhZCI6MzAwMDAwMDAwMDAwLCJ1cGRhdGUiOjEyMDAwMDAwMDAwMDB9fQ=="
        }
      ]
    },
    {
      "mode": "managed",
      "type": "azurerm_container_registry",
      "name": "acr",
      "provider": "provider[\"registry.terraform.io/hashicorp/azurerm\"]",
      "instances": [
        {
          "schema_version": 2,
          "attributes": {
            "admin_enabled": false,
            "admin_password": "",
            "admin_username": "",
            "anonymous_pull_enabled": false,
            "data_endpoint_enabled": false,
            "encryption": [
              {
                "enabled": false,
                "identity_client_id": "",
                "key_vault_key_id": ""
              }
            ],
            "export_policy_enabled": true,
            "georeplications": [],
            "id": "/subscriptions/c19d7631-6513-47a9-853a-70d1fe3ee746/resourceGroups/rg/providers/Microsoft.ContainerRegistry/registries/defaultproductioncontainerregistry",
            "identity": [],
            "location": "westus",
            "login_server": "defaultproductioncontainerregistry.azurecr.io",
            "name": "defaultproductioncontainerregistry",
            "network_rule_bypass_option": "AzureServices",
            "network_rule_set": [],
            "public_network_access_enabled": true,
            "quarantine_policy_enabled": false,
            "resource_group_name": "rg",
            "retention_policy": [
              {
                "days": 7,
                "enabled": false
              }
            ],
            "sku": "Standard",
            "tags": null,
            "timeouts": null,
            "trust_policy": [
              {
                "enabled": false
              }
            ],
            "zone_redundancy_enabled": false
          },
          "sensitive_attributes": [
            [
              {
                "type": "get_attr",
                "value": "admin_password"
              }
            ]
          ],
          "private": "eyJlMmJmYjczMC1lY2FhLTExZTYtOGY4OC0zNDM2M2JjN2M0YzAiOnsiY3JlYXRlIjoxODAwMDAwMDAwMDAwLCJkZWxldGUiOjE4MDAwMDAwMDAwMDAsInJlYWQiOjMwMDAwMDAwMDAwMCwidXBkYXRlIjoxODAwMDAwMDAwMDAwfSwic2NoZW1hX3ZlcnNpb24iOiIyIn0=",
          "dependencies": [
            "data.azurerm_resource_group.rg"
          ]
        }
      ]
    },
    {
      "mode": "managed",
      "type": "azurerm_dns_zone",
      "name": "example-public",
      "provider": "provider[\"registry.terraform.io/hashicorp/azurerm\"]",
      "instances": [
        {
          "schema_version": 2,
          "attributes": {
            "id": "/subscriptions/c19d7631-6513-47a9-853a-70d1fe3ee746/resourceGroups/rg/providers/Microsoft.Network/dnsZones/enklau15.es",
            "max_number_of_record_sets": 10000,
            "name": "enklau15.es",
            "name_servers": [
              "ns1-09.azure-dns.com.",
              "ns2-09.azure-dns.net.",
              "ns3-09.azure-dns.org.",
              "ns4-09.azure-dns.info."
            ],
            "number_of_record_sets": 2,
            "resource_group_name": "rg",
            "soa_record": [
              {
                "email": "azuredns-hostmaster.microsoft.com",
                "expire_time": 2419200,
                "fqdn": "enklau15.es.",
                "host_name": "ns1-09.azure-dns.com.",
                "minimum_ttl": 300,
                "refresh_time": 3600,
                "retry_time": 300,
                "serial_number": 1,
                "tags": {},
                "ttl": 3600
              }
            ],
            "tags": null,
            "timeouts": null
          },
          "sensitive_attributes": [],
          "private": "eyJlMmJmYjczMC1lY2FhLTExZTYtOGY4OC0zNDM2M2JjN2M0YzAiOnsiY3JlYXRlIjoxODAwMDAwMDAwMDAwLCJkZWxldGUiOjE4MDAwMDAwMDAwMDAsInJlYWQiOjMwMDAwMDAwMDAwMCwidXBkYXRlIjoxODAwMDAwMDAwMDAwfSwic2NoZW1hX3ZlcnNpb24iOiIyIn0=",
          "dependencies": [
            "data.azurerm_resource_group.rg"
          ]
        }
      ]
    },
    {
      "mode": "managed",
      "type": "azurerm_kubernetes_cluster",
      "name": "example",
      "provider": "provider[\"registry.terraform.io/hashicorp/azurerm\"]",
      "instances": [
        {
          "schema_version": 2,
          "attributes": {
            "aci_connector_linux": [],
            "api_server_access_profile": [],
            "api_server_authorized_ip_ranges": [],
            "auto_scaler_profile": [
              {
                "balance_similar_node_groups": true,
                "empty_bulk_delete_max": "10",
                "expander": "least-waste",
                "max_graceful_termination_sec": "600",
                "max_node_provisioning_time": "15m",
                "max_unready_nodes": 3,
                "max_unready_percentage": 45,
                "new_pod_scale_up_delay": "0s",
                "scale_down_delay_after_add": "10m",
                "scale_down_delay_after_delete": "10s",
                "scale_down_delay_after_failure": "3m",
                "scale_down_unneeded": "10m",
                "scale_down_unready": "20m",
                "scale_down_utilization_threshold": "0.5",
                "scan_interval": "10s",
                "skip_nodes_with_local_storage": false,
                "skip_nodes_with_system_pods": false
              }
            ],
            "automatic_channel_upgrade": "",
            "azure_active_directory_role_based_access_control": [],
            "azure_policy_enabled": true,
            "confidential_computing": [],
            "cost_analysis_enabled": false,
            "current_kubernetes_version": "1.29.7",
            "custom_ca_trust_certificates_base64": null,
            "default_node_pool": [
              {
                "capacity_reservation_group_id": "",
                "custom_ca_trust_enabled": false,
                "enable_auto_scaling": false,
                "enable_host_encryption": false,
                "enable_node_public_ip": false,
                "fips_enabled": false,
                "gpu_instance": "",
                "host_group_id": "",
                "kubelet_config": [],
                "kubelet_disk_type": "OS",
                "linux_os_config": [],
                "max_count": 0,
                "max_pods": 30,
                "message_of_the_day": "",
                "min_count": 0,
                "name": "default",
                "node_count": 1,
                "node_labels": {},
                "node_network_profile": [],
                "node_public_ip_prefix_id": "",
                "node_taints": null,
                "only_critical_addons_enabled": false,
                "orchestrator_version": "1.29",
                "os_disk_size_gb": 128,
                "os_disk_type": "Managed",
                "os_sku": "Ubuntu",
                "pod_subnet_id": "",
                "proximity_placement_group_id": "",
                "scale_down_mode": "Delete",
                "snapshot_id": "",
                "tags": null,
                "temporary_name_for_rotation": "",
                "type": "VirtualMachineScaleSets",
                "ultra_ssd_enabled": false,
                "upgrade_settings": [
                  {
                    "drain_timeout_in_minutes": 0,
                    "max_surge": "10%",
                    "node_soak_duration_in_minutes": 0
                  }
                ],
                "vm_size": "Standard_DS2_v2",
                "vnet_subnet_id": "/subscriptions/c19d7631-6513-47a9-853a-70d1fe3ee746/resourceGroups/rg/providers/Microsoft.Network/virtualNetworks/example-vnet/subnets/default",
                "workload_runtime": "",
                "zones": null
              }
            ],
            "disk_encryption_set_id": "",
            "dns_prefix": "exampleaks",
            "dns_prefix_private_cluster": "",
            "edge_zone": "",
            "enable_pod_security_policy": false,
            "fqdn": "exampleaks-nlkewkkq.hcp.eastus2.azmk8s.io",
            "http_application_routing_enabled": false,
            "http_application_routing_zone_name": "",
            "http_proxy_config": [],
            "id": "/subscriptions/c19d7631-6513-47a9-853a-70d1fe3ee746/resourceGroups/rg/providers/Microsoft.ContainerService/managedClusters/default-production-cluster",
            "identity": [
              {
                "identity_ids": null,
                "principal_id": "0ff642e0-addc-400a-9472-74acf13c319c",
                "tenant_id": "53487d22-c715-4bf1-a8c4-5c2ac11b4245",
                "type": "SystemAssigned"
              }
            ],
            "image_cleaner_enabled": false,
            "image_cleaner_interval_hours": 48,
            "ingress_application_gateway": [],
            "key_management_service": [],
            "key_vault_secrets_provider": [],
            "kube_admin_config": [],
            "kube_admin_config_raw": "",
            "kube_config": [
              {
                "client_certificate": "LS0tLS1CRUdJTiBDRVJUSUZJQ0FURS0tLS0tCk1JSUZIVENDQXdXZ0F3SUJBZ0lRSTNxZHRJZndGSDF4bkhIcVovUXVJREFOQmdrcWhraUc5dzBCQVFzRkFEQU4KTVFzd0NRWURWUVFERXdKallUQWVGdzB5TkRBNE1Ua3hNRFF6TWpkYUZ3MHlOakE0TVRreE1EVXpNamRhTURBeApGekFWQmdOVkJBb1REbk41YzNSbGJUcHRZWE4wWlhKek1SVXdFd1lEVlFRREV3eHRZWE4wWlhKamJHbGxiblF3CmdnSWlNQTBHQ1NxR1NJYjNEUUVCQVFVQUE0SUNEd0F3Z2dJS0FvSUNBUUM5RnhHSGpaMHNUYW9vQnV3RXhvd04KY2NTbGpzeHoyM1pKSExNKy9tVkVPejRzUkZqSk5MRWhpajhvVDhxazBmQXFpVzkya2kxc2NHYVdWRE42VHVoMwpHMXRNWkJDQ0lDdENrNGQzTTQ1alN5UElXaGp6NElFTnF1WXFiZUlGQzM5UzRpKzNoVzVPR1I4cUNGb2FMd2h0Ck5mV3kxcFRMcS9rOGM0NVR1MkNZbFR1YzIrQkgwQWVPNFNQNGQwRGo2MllJaXlwR0hqblRTSVJ0Q3lKdDRFOEEKYmh2S3FLU3hvbDBEMUxIcWNZYitzeFF2MHZLaFlCZkJZWWRWTitQMS9uMXlmeVdaZFRXTWdSb1VGUnplWlg2NwpQWnlENUJEeXI2em01NXVzY0FHU0IvZDFnZlpZcld2ZmRCWnVaS0JaSlczbHFJRUpFMHdiRFRhbzBkejNvUnB5CjJJVEdhTFdkb1p3bEdJN1dsc0Z5WjNTSnhTVVBXeUdnN1pxb1d6ZmlJNUZaY1FieVdiZVFPTFhieHVMcTVtc2sKUld4RnBlTTZ5bkl5Zm5qYlhjOG9yWVNseC9vdFhwTE01a3A2MjByMXVDY1FTQmNOZElGVGQvYW1kc0FWbUt4MgpaUG1BUG1VMThIeCtkdGlzSXA2NTkzNUJTSnNGTnJoT1RrcVJNaFRlanlFeW5jUW1hbTQyTVZSTmdZUkpBWlJMCmhWU1BiVDJCOVhnb2V5RVJ6RGNUWG1sQkdEU3VtYkxuOEZhU3hIZE5HMjBHQ3FtT1VjeW1LR2x1TElMVzExb2oKN1Q2ck0wc2RWRVdTbEFmZkwrR1FYc3o0UytXTnB3MFh5aDdmTGl4M2FHQjV1VThFTFBjaWczSXAydzVJTmpBSwpxZ1k2cnlKVjRpRUFSRHl5N3RuYStRSURBUUFCbzFZd1ZEQU9CZ05WSFE4QkFmOEVCQU1DQmFBd0V3WURWUjBsCkJBd3dDZ1lJS3dZQkJRVUhBd0l3REFZRFZSMFRBUUgvQkFJd0FEQWZCZ05WSFNNRUdEQVdnQlFWVG0xNHAwcTAKeHVNR2UyWXJFOHNxTlIvYnR6QU5CZ2txaGtpRzl3MEJBUXNGQUFPQ0FnRUFTQytSbXlTekNZT0s2YTNtYTREYwp2RENWZlVqUUY5aFpJYVFOTFhLWHltemgvOGI2ZFBhT2UzMTZXc1BPWC9DYjlOc0Z4d0tNNGthY1JVcGhEU1FvCjY4L3g0NXlGYmVvOERQY1g4bkkzK1l1bmlhY2hIOWR5eStuWi9QQ0ZDMDhSU3hsZEJPZEZjc0M5NGpDcmtha3AKNVcxTWJCdXJ0K1hkTG8yRXVvM0JUR256ckFwYUNlckd1UmVrV0xyNWV1ZkU2VFNUWnpUL2M3UnluMWttMFhQRgpIa2NubStTalVxdmtzaHNjN21ib0RFQXltUFNKRGIzWHFsTnlNUDl5T1J4ZnNHQzRkbWNQR2J1WGFhVTgrQTVBClU2VkVPZ0tHa2lTUjBES0h2ZkdPamVwWXNobVZTSS9KSFFwa3NsL0t2eFRadlpTQndicHpCS3dkeHFFZWdiZDkKSWFUdU5oZU5sUmlsUHRRRmZOMmJwMzh0UjZIZkhtbjBvTjdFS1NmZk01S1crQ1NLODZuQlNPR25RSTZ3SFdqSApBcXRnVHpXRkNGUXZjdmp4RER6cGxjVUFhN2hzVTB3TStZMzNVUzdHaVhwTzFaTUdWbGhwN1EyZTc4N1lMSXNRCnhiYXVYWkUxUDB4MGVHTU1raGtzY2haamhXR3RRNXJCQ2lYb0lqUW1Ta0t6M0hpYkhnY2Q4TmZJblhKV3BwbkwKczd4NFdNQmtoOFZkN0tYRStTbDV4Qmo0WjRPTkJJb3Z1ME1zSW1TYUp5YkR4akx6aStTV3hKTXZreDMxdzQxSgplVVBYQ045TmNRVVUwcmdMM2NydU5URjA3NGV5NE1tNDNTSktkaWd4MXRVZUwwRW9aSEd0YU1MQnZXbW8xck1nClR0dmVsSDArZjZQSE05L0UxNEFtS21JPQotLS0tLUVORCBDRVJUSUZJQ0FURS0tLS0tCg==",
                "client_key": "LS0tLS1CRUdJTiBSU0EgUFJJVkFURSBLRVktLS0tLQpNSUlKS2dJQkFBS0NBZ0VBdlJjUmg0MmRMRTJxS0Fic0JNYU1EWEhFcFk3TWM5dDJTUnl6UHY1bFJEcytMRVJZCnlUU3hJWW8vS0UvS3BOSHdLb2x2ZHBJdGJIQm1sbFF6ZWs3b2R4dGJUR1FRZ2lBclFwT0hkek9PWTBzanlGb1kKOCtDQkRhcm1LbTNpQlF0L1V1SXZ0NFZ1VGhrZktnaGFHaThJYlRYMXN0YVV5NnY1UEhPT1U3dGdtSlU3bk52ZwpSOUFIanVFaitIZEE0K3RtQ0lzcVJoNDUwMGlFYlFzaWJlQlBBRzRieXFpa3NhSmRBOVN4Nm5HRy9yTVVMOUx5Cm9XQVh3V0dIVlRmajlmNTljbjhsbVhVMWpJRWFGQlVjM21WK3V6MmNnK1FROHErczV1ZWJySEFCa2dmM2RZSDIKV0sxcjMzUVdibVNnV1NWdDVhaUJDUk5NR3cwMnFOSGM5NkVhY3RpRXhtaTFuYUdjSlJpTzFwYkJjbWQwaWNVbApEMXNob08yYXFGczM0aU9SV1hFRzhsbTNrRGkxMjhiaTZ1WnJKRVZzUmFYak9zcHlNbjU0MjEzUEtLMkVwY2Y2CkxWNlN6T1pLZXR0SzliZ25FRWdYRFhTQlUzZjJwbmJBRlppc2RtVDVnRDVsTmZCOGZuYllyQ0tldWZkK1FVaWIKQlRhNFRrNUtrVElVM284aE1wM0VKbXB1TmpGVVRZR0VTUUdVUzRWVWoyMDlnZlY0S0hzaEVjdzNFMTVwUVJnMApycG15NS9CV2tzUjNUUnR0QmdxcGpsSE1waWhwYml5QzF0ZGFJKzArcXpOTEhWUkZrcFFIM3kvaGtGN00rRXZsCmphY05GOG9lM3k0c2QyaGdlYmxQQkN6M0lvTnlLZHNPU0RZd0Nxb0dPcThpVmVJaEFFUThzdTdaMnZrQ0F3RUEKQVFLQ0FnQUMvMjJndDRjSlg4WFYwcDVGU1J5SlRnZHZGSDk3U3J4cVZsRWxLNFZSZXByMnVyS3BwZk0wOCtzaQphWGx0K1lJVU9vK1EwcXB6c0toL3M2QUpUVnowSG5QcEZ5RUgzeGl3ZW9SSVNJSDJZd2VUTXBKNHMxTjRjd0FwCkpnclNSNmRpR2dIbHAvRGl2aFUzWm1CL1Q4V1RiYXFTaGtKZnBEOVVUUVN4b1NQYjUybkZoOXJiYUpubUV2MnQKLzc0QW53ZkVGT2k3cWRrQzE0QjU5aFk2cGJhNjdBUDJ4NHVzNFVVV1BYWUFvSUlpWVpadFY2dlBFU1h2USt1UQpWMDErNWVUNVByaks0UWZUVFd5cmF0WkZWRmlaQVZZTTVUMjdpenR6Z2JKL0hsdDRCRFpSSDVsWE9KQ2dQMGZuCndpS2tweXBCM05VRzNzNXpFMWVOZjU1QU1zYW5pbmE4eHNnTFJCM3p0MFdiQ00rWHNBQ2NoZlFPUGZzMFRLZmoKd0g0Z0M2RGVOSHJJb1k4bzJQbi9zK2VEZndaUUJGMEdDbkdUaHU1S2hqZk84K1RZVmtHUG1ITFBYV1hQTFN2OAp4cE1SRGR5eGZJNXNWcnF6UVVubG9OZE9JMHc5VldzejBEdkp0ejNlaS9pU0tVVWFTRk1aKzNzZVRaU1JXMlhjCkJlYXJ4Q3JTUXNkaUozV1F1L0ZTczVhZkxXczNrWjVGMXpzUkl0ZThrSko0KzByMGM2Z1p0Qk5LN201VkZBSnkKMXIrSElZdmo1Ty9ZaklTQ0ZTTFljMmxPMXZPU2xDeDVSU1dFRXdwZ0drNzVFUTJlMWVPQzhJeHdLeFkvOFF4cgpJMlhiTk9HMXV4SnZRS2lBK3FwRUlNZ3owUE9veXpVd3JtQzhXd2lvWUJ5SDczRTNzUUtDQVFFQTdGVFJBN1AwCjBldmlGOFMrWjR0ZFlRamd1VUgzWE1Jdm1GaFgxOS80K0k2elFla0EvSmxPcnc1UmhrSWZPcU9WRjBaaWx4M1kKTjVYbzFnQjZoSnltTzRDWEg5N3JpcllmMEZIaXFjMFEyMk1LZm9YZ0ZMZ3NaaVpnK1hQNEdqNkR5ZW9Tdno1NQpKc3FzemsvSUh3ZklWNUFHUmE0RzJqM245L1ZuS2pydGxjTnhXc04vb2JVTW9lRlBmL2M3WHZYVkF2VjI3aStDClVJZTJxdTF6QXJocW5nUFlnZ1ArUmFKZGxGMjZIOHlORStDODBQdUpQbG9QTjhwb3didGk0endEaXV6WGw3bXAKTWQwQWs0ejhrekQyaEFDMUNyNWhJTWNzSWpNZG12ZGFFckVpbTMydHNaVUFpMWlsRWxRVnBPSkRWekxKUVVwUgoxdFlaK1NFeWEwbG12UUtDQVFFQXpOTy96TWYrQmRjN2ptS0k3Y05qT3hNVG1DL3JZMGgxam1BRy9wR3VHRTVWCkNTenlCTGNxR05obmlRTi81WHRxRGh0d1h2RS85RHJLSmd3cnM0eWh0a3FQdzFzZVM4KzQ2cy96OVdsSjVtL3EKM29oVlFId0pRbENwVjUycy9iaHkwQ1lKMk8rTzg2N3FGeUtiSHg3UXY5M2tvWk9iWXVxRjRqcXlXQUR6K0h0MgpkUnVHVEp5SWlzRHdlZlRYYTFTTWVvYW15VDIxUWF6VlIzSVJLNUx0R1BYemdmeXkzRUQwT1JubVpJUFpvc1RZCjZlbkY2UTNxRDY4amFkcGMrYTdmcFZNeUVhUmZEZGpqb3BZa1pGZnRnSWlNSzk3T0J3aFEyVnRUUExuRk1QNUgKNU54WWJpTmtjL2xLM3RJeVNJQlo5WEtqallhR3NCL3RQOHZvQVMrVzdRS0NBUUVBMnhnaWtiRkN0VjVlUTdURQo1RStDYVZRR3FoanF6eGJEY3hQcmxCbHl3bFBoQWFpV25wY3VLQUk1T0NPU3VoVXZRZDJoeHdFSEV6a3FHME5rClVnNjcyWXYwRHJybVdMbFJNeHJHN0s1TkEyYUZNeGkvemRXVWE3c0d5aHhtRlVhQmZTNUE1UVZ3NGJLaGs3N0oKQTJOK3F4YTlpZG0xUnB4L3NoUFM2WWFwL2Q2cjl2NHBFK3c1NHRWemsybkxvOVI1L3YwN25jTnpwMTY1elNySApKZTE4QWpRRWd6eGFmWW55QVhzRzh6WDZVRVJZSjlJWndURlN6R0VjendYK3ZqVkQvNFprdEtlTm9NbUhJRU5qCllMM1N2RHUvbTA4MTBtSnptdDBTaERqdVMwZm1rb3BuL2FycVQwVUYrOER5TStNRGxSSmpHK0ZmajdEN2NVZ0MKYXc0b2JRS0NBUUVBbzJRYThVbHNHczZwNUpnM3NLc1hZazJDYVBsNDVUY3RCNGtVcTBnY3Y2ams3cS9hMCtZawovN0xKVEtQdEIydWVtMmhLQ0lLY1NNQUk5N2JudVkvcWhCY1FmWDhYT05TWUowQUIxUGZMaXJZbWZxUDBsYjhjClI3aytqUFRyeFcyNHNOQlhOS1ZNdkprQWhib0dVaG5yM2RJdENyTkwxZWxOS2IwMi9UcXRZNzloTEdQcml2dW4KZEVBYTFMNTZoVlRweHVmWTdsbDZXTXg5U2tQMDdIU0ZERTlPazVlNE9qamFXUjZQQ2dtZnQ5Y2RUZU05Qy84YwpncXhzTEltVGQxMkhiRU5rZ214RG96RXJ6VXZGOWdHcUpNbElQOHE1UVNUaUViRm5RZDdUTFpUNlZ0ZHE5MWptClRobEVIMkUvMlZRQjd1a25ETU9PZDdyUUwvOEJzTWg4dFFLQ0FRRUFsY1VGMEdIME1YTmdZeWlSL2x5V1hFWU8KUGtuMzgrRUxxT3BtcFpCMDJoZWZHZTUxWld6Umt2Z3RQbHIwTDBISDhoN21DUklRQVg0SGdhTi95MThPQUpyZAo2RFdzQ25iSVp5K25SUjhoRGZyNllhKzI4cmtCUkJSYS9sUU1CU2hqZElrcFltWWFPc0NWdXlCOWxSdHVEYU9ECi9IdEUyU3FPNjg1a09nSnovcFhHMTVSN24zWEF1eGZ4SDRIUkV0QVM2dUhGd1RFZm5EaXk1SFRDa21zZWVkcXMKOEF0aGYyMlo4ejc1NGczZnFBRDdXcXJUTTRoVTNOeG02c2hoQ0lsTDh4WWlyS2hLR2I3ZHdpOHdTZWs0MHB6NwoxbERJemNFdEs5ek9Kd0MrRU1vNGI4bmhtR0pmV2NaaUxrV3FJQjhXMkdsbW54WW5Pak82TnM5VjlIaXpnZz09Ci0tLS0tRU5EIFJTQSBQUklWQVRFIEtFWS0tLS0tCg==",
                "cluster_ca_certificate": "LS0tLS1CRUdJTiBDRVJUSUZJQ0FURS0tLS0tCk1JSUU2RENDQXRDZ0F3SUJBZ0lRV1hPRk1mVjBIYWE5azVVdnpRb1BJakFOQmdrcWhraUc5dzBCQVFzRkFEQU4KTVFzd0NRWURWUVFERXdKallUQWdGdzB5TkRBNE1Ua3hNRFF6TWpkYUdBOHlNRFUwTURneE9URXdOVE15TjFvdwpEVEVMTUFrR0ExVUVBeE1DWTJFd2dnSWlNQTBHQ1NxR1NJYjNEUUVCQVFVQUE0SUNEd0F3Z2dJS0FvSUNBUUNrCmE5OXZpeWtjZjB6bUJ6L1JkSlpJY0YyUytyREZoVVY1cDdCaHg3WjFyRHRSb0FqRGVvUzA0ZVRzM2tNZFU1dUcKeXFuam42ditDU1R3WlJlOG5ZdXBENXlXTDlVYVV2S2hxdmJtdHZIdThqN2Jzb1RIVGZkbDlLeWRjOUZQTDBDZgo2QkQxQ3diQnphSEZ0bEN3SXQ0SVFBcmtpeGlCcm5pQ3Y0bW51V2JzRG8ybXVXanJBTWhzbUpDWkhLSlZWeWRpCjRsWUxyTWU3UTFnNTJRcFhJTWhmbFh6ZU1QcWhLc1FadUdONU4vUEZLVVhlbkN5MWw3MWhTTEhPTGZjaVo5UVAKcmtPOE9zMVlJK21odUhZY0w1OHJUU2UrbVZJOWFYZzJiZjg5UjI5dkFzV0prL1kxVXE4OHllb0w2M0ZMc3JRUwoxNWo1VHk1akxxWXJOWk5Delo4WWV2WUtLWFVGczkwajB1bmlNakl6dDZ6aFQ5RVRicjR3VzkwNUtFQ241d1lHCkZVa1J5cHZnTVZ5WTdWaWdXcE82VFUvM0RvZjU5V1NNQzk5M1BvTFRrZGFJVWJqNmxIdk5WVzdZYmVPM0JxZWwKdTJ1c1BLdWNkc3lBZmkxci83azgxM0VuYjdZczlzTUU5bzBhZ3NjQ1kvMUNUdWRFNFpIMkM5dlY5b2FZVis5NQp0QW1oQmxRc0c4ZXcrbHJyNjFOVE9NZ3pKWUFiT3JvWGYwUHo2Vi9yNXZpMlRyNlIvWlVjTVl1MGNBYVJaT0NBCmVBaFpRK2pKOStVNzhZeTFJNlhjV04xZkU3a1hQaVp3UGNWcGY5bE45NTBtMmRaZFFXejJBcnpYbjlpVSs0YVcKWTJMdzYxYVFpOVhCZ29PdFhaS0E3bUwxUXdQMWVpbUVqbFFRWVErWnZ3SURBUUFCbzBJd1FEQU9CZ05WSFE4QgpBZjhFQkFNQ0FxUXdEd1lEVlIwVEFRSC9CQVV3QXdFQi96QWRCZ05WSFE0RUZnUVVGVTV0ZUtkS3RNYmpCbnRtCkt4UExLalVmMjdjd0RRWUpLb1pJaHZjTkFRRUxCUUFEZ2dJQkFBVWxiWFNQNUVSbzErNHQ3cmhKWXFmYlJsYm0KZEZvT0VrZnVXQUc1LzBIb1dzbk9PZGl0RXpJTDVWVU9zdmFhOUJFSGhVaitnUVJoR2xHVzd2OVA3bVdWb1AwQQpHckxjcjhHU2ZHdzZpcDB0ays0elBCUXkxS0lzM08xcE5zd2QrWkRxbVB0MjBnUDZiR1FZcUlhMUhkMnFRMFFvCk1EVWhVTkFUcDUwOEE4aXNiR1B4WEdoTGtkR0FmeEVIYzdDaFRqdWg4UFJKQ0xqWVJVTkErK0VwTWJISkpOSzAKY2JNYXk4UFMzWG11c2tOYmc3MG9IMjFlYUJLUHR4RDgrKzI5L25NamlNS09mY3VJRjNlVTFYckkyYjBQV0QxVgowTXVveFdySkNlMUxlZnk3VUFHZ2xHNkt1SE5McTBsTEJ0aFhBdlNoK3crdTh1MW9OektZV25QbzRuNU43cVBiClFCb1RGd2U5YnhOa1lVZWJXTVh4VThROTlPNW1YaStwQmkxQnpkR2ZITksvdDQ4VUVkTEYrOFYrUDhwZXJuaHIKd0p2KzUvQjRRSG8rUjNHVitRanJOQXl4dXRDVnJ2TW50dVkwM081REtTaHhzb1dWNHJNaTVPelNTM3F4V0lXNgovMDUxWlVmSzJBWUh1aDEwNGtSWjEzSllpbnQrSTl5enZFMDBHdkZIU3NtRjJ5OGFyQU1BT1JMVmNrb2EwbUY5ClU3MkN5TDByYjJadnZRSTlGb1EvRVhVakN4ZzBtWHFFb0N6MytQM0pkZEdiZHl5eFgvaTZib2VRcTJ3blF3V2YKd0lQYkRTRUFJQ21MaFBaTzRLa296UzQ3T3BnWkk5TEQ0dVBkZDFuT2dXcEp6eFR0WmRVY2VqWnFlSjU3M2s3NgoyeUlXakpWWm1vb2srV0c4Ci0tLS0tRU5EIENFUlRJRklDQVRFLS0tLS0K",
                "host": "https://exampleaks-nlkewkkq.hcp.eastus2.azmk8s.io:443",
                "password": "lxm43ld2a0irdw41km6l3nkzndzv21mgdm7tzjfq4lnvuk93pq43zol7mq35qbnw1cskw9u466elb83vrvgwy5mlhd3b9lhne11z0uy5tj4kda1twsf1mlxi363r4bgi",
                "username": "clusterUser_rg_default-production-cluster"
              }
            ],
            "kube_config_raw": "apiVersion: v1\nclusters:\n- cluster:\n    certificate-authority-data: LS0tLS1CRUdJTiBDRVJUSUZJQ0FURS0tLS0tCk1JSUU2RENDQXRDZ0F3SUJBZ0lRV1hPRk1mVjBIYWE5azVVdnpRb1BJakFOQmdrcWhraUc5dzBCQVFzRkFEQU4KTVFzd0NRWURWUVFERXdKallUQWdGdzB5TkRBNE1Ua3hNRFF6TWpkYUdBOHlNRFUwTURneE9URXdOVE15TjFvdwpEVEVMTUFrR0ExVUVBeE1DWTJFd2dnSWlNQTBHQ1NxR1NJYjNEUUVCQVFVQUE0SUNEd0F3Z2dJS0FvSUNBUUNrCmE5OXZpeWtjZjB6bUJ6L1JkSlpJY0YyUytyREZoVVY1cDdCaHg3WjFyRHRSb0FqRGVvUzA0ZVRzM2tNZFU1dUcKeXFuam42ditDU1R3WlJlOG5ZdXBENXlXTDlVYVV2S2hxdmJtdHZIdThqN2Jzb1RIVGZkbDlLeWRjOUZQTDBDZgo2QkQxQ3diQnphSEZ0bEN3SXQ0SVFBcmtpeGlCcm5pQ3Y0bW51V2JzRG8ybXVXanJBTWhzbUpDWkhLSlZWeWRpCjRsWUxyTWU3UTFnNTJRcFhJTWhmbFh6ZU1QcWhLc1FadUdONU4vUEZLVVhlbkN5MWw3MWhTTEhPTGZjaVo5UVAKcmtPOE9zMVlJK21odUhZY0w1OHJUU2UrbVZJOWFYZzJiZjg5UjI5dkFzV0prL1kxVXE4OHllb0w2M0ZMc3JRUwoxNWo1VHk1akxxWXJOWk5Delo4WWV2WUtLWFVGczkwajB1bmlNakl6dDZ6aFQ5RVRicjR3VzkwNUtFQ241d1lHCkZVa1J5cHZnTVZ5WTdWaWdXcE82VFUvM0RvZjU5V1NNQzk5M1BvTFRrZGFJVWJqNmxIdk5WVzdZYmVPM0JxZWwKdTJ1c1BLdWNkc3lBZmkxci83azgxM0VuYjdZczlzTUU5bzBhZ3NjQ1kvMUNUdWRFNFpIMkM5dlY5b2FZVis5NQp0QW1oQmxRc0c4ZXcrbHJyNjFOVE9NZ3pKWUFiT3JvWGYwUHo2Vi9yNXZpMlRyNlIvWlVjTVl1MGNBYVJaT0NBCmVBaFpRK2pKOStVNzhZeTFJNlhjV04xZkU3a1hQaVp3UGNWcGY5bE45NTBtMmRaZFFXejJBcnpYbjlpVSs0YVcKWTJMdzYxYVFpOVhCZ29PdFhaS0E3bUwxUXdQMWVpbUVqbFFRWVErWnZ3SURBUUFCbzBJd1FEQU9CZ05WSFE4QgpBZjhFQkFNQ0FxUXdEd1lEVlIwVEFRSC9CQVV3QXdFQi96QWRCZ05WSFE0RUZnUVVGVTV0ZUtkS3RNYmpCbnRtCkt4UExLalVmMjdjd0RRWUpLb1pJaHZjTkFRRUxCUUFEZ2dJQkFBVWxiWFNQNUVSbzErNHQ3cmhKWXFmYlJsYm0KZEZvT0VrZnVXQUc1LzBIb1dzbk9PZGl0RXpJTDVWVU9zdmFhOUJFSGhVaitnUVJoR2xHVzd2OVA3bVdWb1AwQQpHckxjcjhHU2ZHdzZpcDB0ays0elBCUXkxS0lzM08xcE5zd2QrWkRxbVB0MjBnUDZiR1FZcUlhMUhkMnFRMFFvCk1EVWhVTkFUcDUwOEE4aXNiR1B4WEdoTGtkR0FmeEVIYzdDaFRqdWg4UFJKQ0xqWVJVTkErK0VwTWJISkpOSzAKY2JNYXk4UFMzWG11c2tOYmc3MG9IMjFlYUJLUHR4RDgrKzI5L25NamlNS09mY3VJRjNlVTFYckkyYjBQV0QxVgowTXVveFdySkNlMUxlZnk3VUFHZ2xHNkt1SE5McTBsTEJ0aFhBdlNoK3crdTh1MW9OektZV25QbzRuNU43cVBiClFCb1RGd2U5YnhOa1lVZWJXTVh4VThROTlPNW1YaStwQmkxQnpkR2ZITksvdDQ4VUVkTEYrOFYrUDhwZXJuaHIKd0p2KzUvQjRRSG8rUjNHVitRanJOQXl4dXRDVnJ2TW50dVkwM081REtTaHhzb1dWNHJNaTVPelNTM3F4V0lXNgovMDUxWlVmSzJBWUh1aDEwNGtSWjEzSllpbnQrSTl5enZFMDBHdkZIU3NtRjJ5OGFyQU1BT1JMVmNrb2EwbUY5ClU3MkN5TDByYjJadnZRSTlGb1EvRVhVakN4ZzBtWHFFb0N6MytQM0pkZEdiZHl5eFgvaTZib2VRcTJ3blF3V2YKd0lQYkRTRUFJQ21MaFBaTzRLa296UzQ3T3BnWkk5TEQ0dVBkZDFuT2dXcEp6eFR0WmRVY2VqWnFlSjU3M2s3NgoyeUlXakpWWm1vb2srV0c4Ci0tLS0tRU5EIENFUlRJRklDQVRFLS0tLS0K\n    server: https://exampleaks-nlkewkkq.hcp.eastus2.azmk8s.io:443\n  name: default-production-cluster\ncontexts:\n- context:\n    cluster: default-production-cluster\n    user: clusterUser_rg_default-production-cluster\n  name: default-production-cluster\ncurrent-context: default-production-cluster\nkind: Config\npreferences: {}\nusers:\n- name: clusterUser_rg_default-production-cluster\n  user:\n    client-certificate-data: LS0tLS1CRUdJTiBDRVJUSUZJQ0FURS0tLS0tCk1JSUZIVENDQXdXZ0F3SUJBZ0lRSTNxZHRJZndGSDF4bkhIcVovUXVJREFOQmdrcWhraUc5dzBCQVFzRkFEQU4KTVFzd0NRWURWUVFERXdKallUQWVGdzB5TkRBNE1Ua3hNRFF6TWpkYUZ3MHlOakE0TVRreE1EVXpNamRhTURBeApGekFWQmdOVkJBb1REbk41YzNSbGJUcHRZWE4wWlhKek1SVXdFd1lEVlFRREV3eHRZWE4wWlhKamJHbGxiblF3CmdnSWlNQTBHQ1NxR1NJYjNEUUVCQVFVQUE0SUNEd0F3Z2dJS0FvSUNBUUM5RnhHSGpaMHNUYW9vQnV3RXhvd04KY2NTbGpzeHoyM1pKSExNKy9tVkVPejRzUkZqSk5MRWhpajhvVDhxazBmQXFpVzkya2kxc2NHYVdWRE42VHVoMwpHMXRNWkJDQ0lDdENrNGQzTTQ1alN5UElXaGp6NElFTnF1WXFiZUlGQzM5UzRpKzNoVzVPR1I4cUNGb2FMd2h0Ck5mV3kxcFRMcS9rOGM0NVR1MkNZbFR1YzIrQkgwQWVPNFNQNGQwRGo2MllJaXlwR0hqblRTSVJ0Q3lKdDRFOEEKYmh2S3FLU3hvbDBEMUxIcWNZYitzeFF2MHZLaFlCZkJZWWRWTitQMS9uMXlmeVdaZFRXTWdSb1VGUnplWlg2NwpQWnlENUJEeXI2em01NXVzY0FHU0IvZDFnZlpZcld2ZmRCWnVaS0JaSlczbHFJRUpFMHdiRFRhbzBkejNvUnB5CjJJVEdhTFdkb1p3bEdJN1dsc0Z5WjNTSnhTVVBXeUdnN1pxb1d6ZmlJNUZaY1FieVdiZVFPTFhieHVMcTVtc2sKUld4RnBlTTZ5bkl5Zm5qYlhjOG9yWVNseC9vdFhwTE01a3A2MjByMXVDY1FTQmNOZElGVGQvYW1kc0FWbUt4MgpaUG1BUG1VMThIeCtkdGlzSXA2NTkzNUJTSnNGTnJoT1RrcVJNaFRlanlFeW5jUW1hbTQyTVZSTmdZUkpBWlJMCmhWU1BiVDJCOVhnb2V5RVJ6RGNUWG1sQkdEU3VtYkxuOEZhU3hIZE5HMjBHQ3FtT1VjeW1LR2x1TElMVzExb2oKN1Q2ck0wc2RWRVdTbEFmZkwrR1FYc3o0UytXTnB3MFh5aDdmTGl4M2FHQjV1VThFTFBjaWczSXAydzVJTmpBSwpxZ1k2cnlKVjRpRUFSRHl5N3RuYStRSURBUUFCbzFZd1ZEQU9CZ05WSFE4QkFmOEVCQU1DQmFBd0V3WURWUjBsCkJBd3dDZ1lJS3dZQkJRVUhBd0l3REFZRFZSMFRBUUgvQkFJd0FEQWZCZ05WSFNNRUdEQVdnQlFWVG0xNHAwcTAKeHVNR2UyWXJFOHNxTlIvYnR6QU5CZ2txaGtpRzl3MEJBUXNGQUFPQ0FnRUFTQytSbXlTekNZT0s2YTNtYTREYwp2RENWZlVqUUY5aFpJYVFOTFhLWHltemgvOGI2ZFBhT2UzMTZXc1BPWC9DYjlOc0Z4d0tNNGthY1JVcGhEU1FvCjY4L3g0NXlGYmVvOERQY1g4bkkzK1l1bmlhY2hIOWR5eStuWi9QQ0ZDMDhSU3hsZEJPZEZjc0M5NGpDcmtha3AKNVcxTWJCdXJ0K1hkTG8yRXVvM0JUR256ckFwYUNlckd1UmVrV0xyNWV1ZkU2VFNUWnpUL2M3UnluMWttMFhQRgpIa2NubStTalVxdmtzaHNjN21ib0RFQXltUFNKRGIzWHFsTnlNUDl5T1J4ZnNHQzRkbWNQR2J1WGFhVTgrQTVBClU2VkVPZ0tHa2lTUjBES0h2ZkdPamVwWXNobVZTSS9KSFFwa3NsL0t2eFRadlpTQndicHpCS3dkeHFFZWdiZDkKSWFUdU5oZU5sUmlsUHRRRmZOMmJwMzh0UjZIZkhtbjBvTjdFS1NmZk01S1crQ1NLODZuQlNPR25RSTZ3SFdqSApBcXRnVHpXRkNGUXZjdmp4RER6cGxjVUFhN2hzVTB3TStZMzNVUzdHaVhwTzFaTUdWbGhwN1EyZTc4N1lMSXNRCnhiYXVYWkUxUDB4MGVHTU1raGtzY2haamhXR3RRNXJCQ2lYb0lqUW1Ta0t6M0hpYkhnY2Q4TmZJblhKV3BwbkwKczd4NFdNQmtoOFZkN0tYRStTbDV4Qmo0WjRPTkJJb3Z1ME1zSW1TYUp5YkR4akx6aStTV3hKTXZreDMxdzQxSgplVVBYQ045TmNRVVUwcmdMM2NydU5URjA3NGV5NE1tNDNTSktkaWd4MXRVZUwwRW9aSEd0YU1MQnZXbW8xck1nClR0dmVsSDArZjZQSE05L0UxNEFtS21JPQotLS0tLUVORCBDRVJUSUZJQ0FURS0tLS0tCg==\n    client-key-data: LS0tLS1CRUdJTiBSU0EgUFJJVkFURSBLRVktLS0tLQpNSUlKS2dJQkFBS0NBZ0VBdlJjUmg0MmRMRTJxS0Fic0JNYU1EWEhFcFk3TWM5dDJTUnl6UHY1bFJEcytMRVJZCnlUU3hJWW8vS0UvS3BOSHdLb2x2ZHBJdGJIQm1sbFF6ZWs3b2R4dGJUR1FRZ2lBclFwT0hkek9PWTBzanlGb1kKOCtDQkRhcm1LbTNpQlF0L1V1SXZ0NFZ1VGhrZktnaGFHaThJYlRYMXN0YVV5NnY1UEhPT1U3dGdtSlU3bk52ZwpSOUFIanVFaitIZEE0K3RtQ0lzcVJoNDUwMGlFYlFzaWJlQlBBRzRieXFpa3NhSmRBOVN4Nm5HRy9yTVVMOUx5Cm9XQVh3V0dIVlRmajlmNTljbjhsbVhVMWpJRWFGQlVjM21WK3V6MmNnK1FROHErczV1ZWJySEFCa2dmM2RZSDIKV0sxcjMzUVdibVNnV1NWdDVhaUJDUk5NR3cwMnFOSGM5NkVhY3RpRXhtaTFuYUdjSlJpTzFwYkJjbWQwaWNVbApEMXNob08yYXFGczM0aU9SV1hFRzhsbTNrRGkxMjhiaTZ1WnJKRVZzUmFYak9zcHlNbjU0MjEzUEtLMkVwY2Y2CkxWNlN6T1pLZXR0SzliZ25FRWdYRFhTQlUzZjJwbmJBRlppc2RtVDVnRDVsTmZCOGZuYllyQ0tldWZkK1FVaWIKQlRhNFRrNUtrVElVM284aE1wM0VKbXB1TmpGVVRZR0VTUUdVUzRWVWoyMDlnZlY0S0hzaEVjdzNFMTVwUVJnMApycG15NS9CV2tzUjNUUnR0QmdxcGpsSE1waWhwYml5QzF0ZGFJKzArcXpOTEhWUkZrcFFIM3kvaGtGN00rRXZsCmphY05GOG9lM3k0c2QyaGdlYmxQQkN6M0lvTnlLZHNPU0RZd0Nxb0dPcThpVmVJaEFFUThzdTdaMnZrQ0F3RUEKQVFLQ0FnQUMvMjJndDRjSlg4WFYwcDVGU1J5SlRnZHZGSDk3U3J4cVZsRWxLNFZSZXByMnVyS3BwZk0wOCtzaQphWGx0K1lJVU9vK1EwcXB6c0toL3M2QUpUVnowSG5QcEZ5RUgzeGl3ZW9SSVNJSDJZd2VUTXBKNHMxTjRjd0FwCkpnclNSNmRpR2dIbHAvRGl2aFUzWm1CL1Q4V1RiYXFTaGtKZnBEOVVUUVN4b1NQYjUybkZoOXJiYUpubUV2MnQKLzc0QW53ZkVGT2k3cWRrQzE0QjU5aFk2cGJhNjdBUDJ4NHVzNFVVV1BYWUFvSUlpWVpadFY2dlBFU1h2USt1UQpWMDErNWVUNVByaks0UWZUVFd5cmF0WkZWRmlaQVZZTTVUMjdpenR6Z2JKL0hsdDRCRFpSSDVsWE9KQ2dQMGZuCndpS2tweXBCM05VRzNzNXpFMWVOZjU1QU1zYW5pbmE4eHNnTFJCM3p0MFdiQ00rWHNBQ2NoZlFPUGZzMFRLZmoKd0g0Z0M2RGVOSHJJb1k4bzJQbi9zK2VEZndaUUJGMEdDbkdUaHU1S2hqZk84K1RZVmtHUG1ITFBYV1hQTFN2OAp4cE1SRGR5eGZJNXNWcnF6UVVubG9OZE9JMHc5VldzejBEdkp0ejNlaS9pU0tVVWFTRk1aKzNzZVRaU1JXMlhjCkJlYXJ4Q3JTUXNkaUozV1F1L0ZTczVhZkxXczNrWjVGMXpzUkl0ZThrSko0KzByMGM2Z1p0Qk5LN201VkZBSnkKMXIrSElZdmo1Ty9ZaklTQ0ZTTFljMmxPMXZPU2xDeDVSU1dFRXdwZ0drNzVFUTJlMWVPQzhJeHdLeFkvOFF4cgpJMlhiTk9HMXV4SnZRS2lBK3FwRUlNZ3owUE9veXpVd3JtQzhXd2lvWUJ5SDczRTNzUUtDQVFFQTdGVFJBN1AwCjBldmlGOFMrWjR0ZFlRamd1VUgzWE1Jdm1GaFgxOS80K0k2elFla0EvSmxPcnc1UmhrSWZPcU9WRjBaaWx4M1kKTjVYbzFnQjZoSnltTzRDWEg5N3JpcllmMEZIaXFjMFEyMk1LZm9YZ0ZMZ3NaaVpnK1hQNEdqNkR5ZW9Tdno1NQpKc3FzemsvSUh3ZklWNUFHUmE0RzJqM245L1ZuS2pydGxjTnhXc04vb2JVTW9lRlBmL2M3WHZYVkF2VjI3aStDClVJZTJxdTF6QXJocW5nUFlnZ1ArUmFKZGxGMjZIOHlORStDODBQdUpQbG9QTjhwb3didGk0endEaXV6WGw3bXAKTWQwQWs0ejhrekQyaEFDMUNyNWhJTWNzSWpNZG12ZGFFckVpbTMydHNaVUFpMWlsRWxRVnBPSkRWekxKUVVwUgoxdFlaK1NFeWEwbG12UUtDQVFFQXpOTy96TWYrQmRjN2ptS0k3Y05qT3hNVG1DL3JZMGgxam1BRy9wR3VHRTVWCkNTenlCTGNxR05obmlRTi81WHRxRGh0d1h2RS85RHJLSmd3cnM0eWh0a3FQdzFzZVM4KzQ2cy96OVdsSjVtL3EKM29oVlFId0pRbENwVjUycy9iaHkwQ1lKMk8rTzg2N3FGeUtiSHg3UXY5M2tvWk9iWXVxRjRqcXlXQUR6K0h0MgpkUnVHVEp5SWlzRHdlZlRYYTFTTWVvYW15VDIxUWF6VlIzSVJLNUx0R1BYemdmeXkzRUQwT1JubVpJUFpvc1RZCjZlbkY2UTNxRDY4amFkcGMrYTdmcFZNeUVhUmZEZGpqb3BZa1pGZnRnSWlNSzk3T0J3aFEyVnRUUExuRk1QNUgKNU54WWJpTmtjL2xLM3RJeVNJQlo5WEtqallhR3NCL3RQOHZvQVMrVzdRS0NBUUVBMnhnaWtiRkN0VjVlUTdURQo1RStDYVZRR3FoanF6eGJEY3hQcmxCbHl3bFBoQWFpV25wY3VLQUk1T0NPU3VoVXZRZDJoeHdFSEV6a3FHME5rClVnNjcyWXYwRHJybVdMbFJNeHJHN0s1TkEyYUZNeGkvemRXVWE3c0d5aHhtRlVhQmZTNUE1UVZ3NGJLaGs3N0oKQTJOK3F4YTlpZG0xUnB4L3NoUFM2WWFwL2Q2cjl2NHBFK3c1NHRWemsybkxvOVI1L3YwN25jTnpwMTY1elNySApKZTE4QWpRRWd6eGFmWW55QVhzRzh6WDZVRVJZSjlJWndURlN6R0VjendYK3ZqVkQvNFprdEtlTm9NbUhJRU5qCllMM1N2RHUvbTA4MTBtSnptdDBTaERqdVMwZm1rb3BuL2FycVQwVUYrOER5TStNRGxSSmpHK0ZmajdEN2NVZ0MKYXc0b2JRS0NBUUVBbzJRYThVbHNHczZwNUpnM3NLc1hZazJDYVBsNDVUY3RCNGtVcTBnY3Y2ams3cS9hMCtZawovN0xKVEtQdEIydWVtMmhLQ0lLY1NNQUk5N2JudVkvcWhCY1FmWDhYT05TWUowQUIxUGZMaXJZbWZxUDBsYjhjClI3aytqUFRyeFcyNHNOQlhOS1ZNdkprQWhib0dVaG5yM2RJdENyTkwxZWxOS2IwMi9UcXRZNzloTEdQcml2dW4KZEVBYTFMNTZoVlRweHVmWTdsbDZXTXg5U2tQMDdIU0ZERTlPazVlNE9qamFXUjZQQ2dtZnQ5Y2RUZU05Qy84YwpncXhzTEltVGQxMkhiRU5rZ214RG96RXJ6VXZGOWdHcUpNbElQOHE1UVNUaUViRm5RZDdUTFpUNlZ0ZHE5MWptClRobEVIMkUvMlZRQjd1a25ETU9PZDdyUUwvOEJzTWg4dFFLQ0FRRUFsY1VGMEdIME1YTmdZeWlSL2x5V1hFWU8KUGtuMzgrRUxxT3BtcFpCMDJoZWZHZTUxWld6Umt2Z3RQbHIwTDBISDhoN21DUklRQVg0SGdhTi95MThPQUpyZAo2RFdzQ25iSVp5K25SUjhoRGZyNllhKzI4cmtCUkJSYS9sUU1CU2hqZElrcFltWWFPc0NWdXlCOWxSdHVEYU9ECi9IdEUyU3FPNjg1a09nSnovcFhHMTVSN24zWEF1eGZ4SDRIUkV0QVM2dUhGd1RFZm5EaXk1SFRDa21zZWVkcXMKOEF0aGYyMlo4ejc1NGczZnFBRDdXcXJUTTRoVTNOeG02c2hoQ0lsTDh4WWlyS2hLR2I3ZHdpOHdTZWs0MHB6NwoxbERJemNFdEs5ek9Kd0MrRU1vNGI4bmhtR0pmV2NaaUxrV3FJQjhXMkdsbW54WW5Pak82TnM5VjlIaXpnZz09Ci0tLS0tRU5EIFJTQSBQUklWQVRFIEtFWS0tLS0tCg==\n    token: lxm43ld2a0irdw41km6l3nkzndzv21mgdm7tzjfq4lnvuk93pq43zol7mq35qbnw1cskw9u466elb83vrvgwy5mlhd3b9lhne11z0uy5tj4kda1twsf1mlxi363r4bgi\n",
            "kubelet_identity": [
              {
                "client_id": "2ad85b8a-1e57-490d-94e2-2cd370b516c6",
                "object_id": "b92c63d2-5c28-4972-834c-1f6b65a86a86",
                "user_assigned_identity_id": "/subscriptions/c19d7631-6513-47a9-853a-70d1fe3ee746/resourceGroups/MC_rg_default-production-cluster_eastus2/providers/Microsoft.ManagedIdentity/userAssignedIdentities/default-production-cluster-agentpool"
              }
            ],
            "kubernetes_version": "1.29",
            "linux_profile": [],
            "local_account_disabled": false,
            "location": "eastus2",
            "maintenance_window": [],
            "maintenance_window_auto_upgrade": [],
            "maintenance_window_node_os": [],
            "microsoft_defender": [],
            "monitor_metrics": [],
            "name": "default-production-cluster",
            "network_profile": [
              {
                "dns_service_ip": "10.0.0.10",
                "docker_bridge_cidr": "",
                "ebpf_data_plane": "",
                "ip_versions": [
                  "IPv4"
                ],
                "load_balancer_profile": [
                  {
                    "effective_outbound_ips": [
                      "/subscriptions/c19d7631-6513-47a9-853a-70d1fe3ee746/resourceGroups/MC_rg_default-production-cluster_eastus2/providers/Microsoft.Network/publicIPAddresses/76d95c87-c397-4d79-a852-9964993dc808"
                    ],
                    "idle_timeout_in_minutes": 0,
                    "managed_outbound_ip_count": 1,
                    "managed_outbound_ipv6_count": 0,
                    "outbound_ip_address_ids": [],
                    "outbound_ip_prefix_ids": [],
                    "outbound_ports_allocated": 0
                  }
                ],
                "load_balancer_sku": "standard",
                "nat_gateway_profile": [],
                "network_data_plane": "azure",
                "network_mode": "",
                "network_plugin": "azure",
                "network_plugin_mode": "",
                "network_policy": "",
                "outbound_ip_address_ids": [],
                "outbound_ip_prefix_ids": [],
                "outbound_type": "loadBalancer",
                "pod_cidr": "",
                "pod_cidrs": [],
                "service_cidr": "10.0.0.0/16",
                "service_cidrs": [
                  "10.0.0.0/16"
                ]
              }
            ],
            "node_os_channel_upgrade": null,
            "node_resource_group": "MC_rg_default-production-cluster_eastus2",
            "node_resource_group_id": "/subscriptions/c19d7631-6513-47a9-853a-70d1fe3ee746/resourceGroups/MC_rg_default-production-cluster_eastus2",
            "oidc_issuer_enabled": false,
            "oidc_issuer_url": "",
            "oms_agent": [
              {
                "log_analytics_workspace_id": "/subscriptions/c19d7631-6513-47a9-853a-70d1fe3ee746/resourceGroups/rg/providers/Microsoft.OperationalInsights/workspaces/example-workspace",
                "msi_auth_for_monitoring_enabled": false,
                "oms_agent_identity": [
                  {
                    "client_id": "2d6c9b31-7324-479e-81da-c7adf3adfd13",
                    "object_id": "c4dda278-fc17-4211-9604-41f9bef93b47",
                    "user_assigned_identity_id": "/subscriptions/c19d7631-6513-47a9-853a-70d1fe3ee746/resourcegroups/MC_rg_default-production-cluster_eastus2/providers/Microsoft.ManagedIdentity/userAssignedIdentities/omsagent-default-production-cluster"
                  }
                ]
              }
            ],
            "open_service_mesh_enabled": false,
            "portal_fqdn": "exampleaks-nlkewkkq.portal.hcp.eastus2.azmk8s.io",
            "private_cluster_enabled": false,
            "private_cluster_public_fqdn_enabled": false,
            "private_dns_zone_id": null,
            "private_fqdn": "",
            "public_network_access_enabled": true,
            "resource_group_name": "rg",
            "role_based_access_control_enabled": true,
            "run_command_enabled": true,
            "service_mesh_profile": [],
            "service_principal": [],
            "sku_tier": "Free",
            "storage_profile": [],
            "support_plan": "KubernetesOfficial",
            "tags": null,
            "timeouts": null,
            "web_app_routing": [],
            "windows_profile": [
              {
                "admin_password": "318361Nacho/123",
                "admin_username": "enklau",
                "gmsa": [],
                "license": ""
              }
            ],
            "workload_autoscaler_profile": [],
            "workload_identity_enabled": false
          },
          "sensitive_attributes": [
            [
              {
                "type": "get_attr",
                "value": "kube_admin_config_raw"
              }
            ],
            [
              {
                "type": "get_attr",
                "value": "kube_config_raw"
              }
            ],
            [
              {
                "type": "get_attr",
                "value": "windows_profile"
              },
              {
                "type": "index",
                "value": {
                  "value": 0,
                  "type": "number"
                }
              },
              {
                "type": "get_attr",
                "value": "admin_password"
              }
            ],
            [
              {
                "type": "get_attr",
                "value": "kube_config"
              }
            ],
            [
              {
                "type": "get_attr",
                "value": "kube_admin_config"
              }
            ]
          ],
          "private": "eyJlMmJmYjczMC1lY2FhLTExZTYtOGY4OC0zNDM2M2JjN2M0YzAiOnsiY3JlYXRlIjo1NDAwMDAwMDAwMDAwLCJkZWxldGUiOjU0MDAwMDAwMDAwMDAsInJlYWQiOjMwMDAwMDAwMDAwMCwidXBkYXRlIjo1NDAwMDAwMDAwMDAwfSwic2NoZW1hX3ZlcnNpb24iOiIyIn0=",
          "dependencies": [
            "azurerm_subnet.default",
            "azurerm_subnet.v-node-subnet",
            "azurerm_virtual_network.example",
            "data.azurerm_resource_group.rg"
          ]
        }
      ]
    },
    {
      "mode": "managed",
      "type": "azurerm_log_analytics_workspace",
      "name": "example-workspace",
      "provider": "provider[\"registry.terraform.io/hashicorp/azurerm\"]",
      "instances": [
        {
          "schema_version": 3,
          "attributes": {
            "allow_resource_only_permissions": true,
            "cmk_for_query_forced": false,
            "daily_quota_gb": 1,
            "data_collection_rule_id": "",
            "id": "/subscriptions/c19d7631-6513-47a9-853a-70d1fe3ee746/resourceGroups/rg/providers/Microsoft.OperationalInsights/workspaces/example-workspace",
            "identity": [],
            "immediate_data_purge_on_30_days_enabled": false,
            "internet_ingestion_enabled": true,
            "internet_query_enabled": true,
            "local_authentication_disabled": false,
            "location": "westus",
            "name": "example-workspace",
            "primary_shared_key": "o4OMGiUcpT++TCwOC3iVEiwdBXLTCeiElHx/UlPH02Wr5tdng3SrM6YAPWpsiaWQg1foQ5IGksOKn4Qt7Jr+3A==",
            "reservation_capacity_in_gb_per_day": null,
            "resource_group_name": "rg",
            "retention_in_days": 30,
            "secondary_shared_key": "fHxpxNlZtLZHCGLjfJICaoGLI8bIGAqnt5x7v6VKxBATM7YSKiE91zTEJL+MjkWIbDBNRDGpXxbFIreScCUgxA==",
            "sku": "PerGB2018",
            "tags": null,
            "timeouts": null,
            "workspace_id": "def81319-9020-4505-96f9-c1da0384c870"
          },
          "sensitive_attributes": [
            [
              {
                "type": "get_attr",
                "value": "secondary_shared_key"
              }
            ],
            [
              {
                "type": "get_attr",
                "value": "primary_shared_key"
              }
            ]
          ],
          "private": "eyJlMmJmYjczMC1lY2FhLTExZTYtOGY4OC0zNDM2M2JjN2M0YzAiOnsiY3JlYXRlIjoxODAwMDAwMDAwMDAwLCJkZWxldGUiOjE4MDAwMDAwMDAwMDAsInJlYWQiOjMwMDAwMDAwMDAwMCwidXBkYXRlIjoxODAwMDAwMDAwMDAwfSwic2NoZW1hX3ZlcnNpb24iOiIzIn0=",
          "dependencies": [
            "data.azurerm_resource_group.rg"
          ]
        }
      ]
    },
    {
      "mode": "managed",
      "type": "azurerm_role_assignment",
      "name": "role_definition",
      "provider": "provider[\"registry.terraform.io/hashicorp/azurerm\"]",
      "instances": [
        {
          "schema_version": 0,
          "attributes": {
            "condition": "",
            "condition_version": "",
            "delegated_managed_identity_resource_id": "",
            "description": "",
            "id": "/subscriptions/c19d7631-6513-47a9-853a-70d1fe3ee746/resourceGroups/rg/providers/Microsoft.Network/dnsZones/enklau15.es/providers/Microsoft.Authorization/roleAssignments/8c8ba112-0ea5-e7e7-3ae4-d19de440c757",
            "name": "8c8ba112-0ea5-e7e7-3ae4-d19de440c757",
            "principal_id": "0ff642e0-addc-400a-9472-74acf13c319c",
            "principal_type": "ServicePrincipal",
            "role_definition_id": "/subscriptions/c19d7631-6513-47a9-853a-70d1fe3ee746/providers/Microsoft.Authorization/roleDefinitions/4d97b98b-1d4f-4787-a291-c67834d212e7",
            "role_definition_name": "Network Contributor",
            "scope": "/subscriptions/c19d7631-6513-47a9-853a-70d1fe3ee746/resourceGroups/rg/providers/Microsoft.Network/dnsZones/enklau15.es",
            "skip_service_principal_aad_check": null,
            "timeouts": null
          },
          "sensitive_attributes": [],
          "private": "eyJlMmJmYjczMC1lY2FhLTExZTYtOGY4OC0zNDM2M2JjN2M0YzAiOnsiY3JlYXRlIjoxODAwMDAwMDAwMDAwLCJkZWxldGUiOjE4MDAwMDAwMDAwMDAsInJlYWQiOjMwMDAwMDAwMDAwMH19",
          "dependencies": [
            "azurerm_dns_zone.example-public",
            "azurerm_kubernetes_cluster.example",
            "azurerm_subnet.default",
            "azurerm_subnet.v-node-subnet",
            "azurerm_virtual_network.example",
            "data.azurerm_resource_group.rg"
          ]
        }
      ]
    },
    {
      "mode": "managed",
      "type": "azurerm_role_assignment",
      "name": "role_definition3",
      "provider": "provider[\"registry.terraform.io/hashicorp/azurerm\"]",
      "instances": [
        {
          "schema_version": 0,
          "attributes": {
            "condition": "",
            "condition_version": "",
            "delegated_managed_identity_resource_id": "",
            "description": "",
            "id": "/subscriptions/c19d7631-6513-47a9-853a-70d1fe3ee746/providers/Microsoft.Authorization/roleAssignments/45379ff5-8508-17d5-07c0-880b95d658e7",
            "name": "45379ff5-8508-17d5-07c0-880b95d658e7",
            "principal_id": "0ff642e0-addc-400a-9472-74acf13c319c",
            "principal_type": "ServicePrincipal",
            "role_definition_id": "/subscriptions/c19d7631-6513-47a9-853a-70d1fe3ee746/providers/Microsoft.Authorization/roleDefinitions/befefa01-2a29-4197-83a8-272ff33ce314",
            "role_definition_name": "DNS Zone Contributor",
            "scope": "/subscriptions/c19d7631-6513-47a9-853a-70d1fe3ee746",
            "skip_service_principal_aad_check": null,
            "timeouts": null
          },
          "sensitive_attributes": [],
          "private": "eyJlMmJmYjczMC1lY2FhLTExZTYtOGY4OC0zNDM2M2JjN2M0YzAiOnsiY3JlYXRlIjoxODAwMDAwMDAwMDAwLCJkZWxldGUiOjE4MDAwMDAwMDAwMDAsInJlYWQiOjMwMDAwMDAwMDAwMH19",
          "dependencies": [
            "azurerm_kubernetes_cluster.example",
            "azurerm_subnet.default",
            "azurerm_subnet.v-node-subnet",
            "azurerm_virtual_network.example",
            "data.azurerm_resource_group.rg"
          ]
        }
      ]
    },
    {
      "mode": "managed",
      "type": "azurerm_subnet",
      "name": "default",
      "provider": "provider[\"registry.terraform.io/hashicorp/azurerm\"]",
      "instances": [
        {
          "schema_version": 0,
          "attributes": {
            "address_prefixes": [
              "10.1.2.0/24"
            ],
            "default_outbound_access_enabled": true,
            "delegation": [],
            "enforce_private_link_endpoint_network_policies": false,
            "enforce_private_link_service_network_policies": false,
            "id": "/subscriptions/c19d7631-6513-47a9-853a-70d1fe3ee746/resourceGroups/rg/providers/Microsoft.Network/virtualNetworks/example-vnet/subnets/default",
            "name": "default",
            "private_endpoint_network_policies": "Enabled",
            "private_endpoint_network_policies_enabled": true,
            "private_link_service_network_policies_enabled": true,
            "resource_group_name": "rg",
            "service_endpoint_policy_ids": null,
            "service_endpoints": null,
            "timeouts": null,
            "virtual_network_name": "example-vnet"
          },
          "sensitive_attributes": [],
          "private": "eyJlMmJmYjczMC1lY2FhLTExZTYtOGY4OC0zNDM2M2JjN2M0YzAiOnsiY3JlYXRlIjoxODAwMDAwMDAwMDAwLCJkZWxldGUiOjE4MDAwMDAwMDAwMDAsInJlYWQiOjMwMDAwMDAwMDAwMCwidXBkYXRlIjoxODAwMDAwMDAwMDAwfX0=",
          "dependencies": [
            "azurerm_virtual_network.example",
            "data.azurerm_resource_group.rg"
          ]
        }
      ]
    },
    {
      "mode": "managed",
      "type": "azurerm_subnet",
      "name": "v-node-subnet",
      "provider": "provider[\"registry.terraform.io/hashicorp/azurerm\"]",
      "instances": [
        {
          "schema_version": 0,
          "attributes": {
            "address_prefixes": [
              "10.1.0.0/24"
            ],
            "default_outbound_access_enabled": true,
            "delegation": [
              {
                "name": "delegation",
                "service_delegation": [
                  {
                    "actions": [
                      "Microsoft.Network/virtualNetworks/subnets/action"
                    ],
                    "name": "Microsoft.ContainerInstance/containerGroups"
                  }
                ]
              }
            ],
            "enforce_private_link_endpoint_network_policies": false,
            "enforce_private_link_service_network_policies": false,
            "id": "/subscriptions/c19d7631-6513-47a9-853a-70d1fe3ee746/resourceGroups/rg/providers/Microsoft.Network/virtualNetworks/example-vnet/subnets/v-node-subnet",
            "name": "v-node-subnet",
            "private_endpoint_network_policies": "Enabled",
            "private_endpoint_network_policies_enabled": true,
            "private_link_service_network_policies_enabled": true,
            "resource_group_name": "rg",
            "service_endpoint_policy_ids": null,
            "service_endpoints": null,
            "timeouts": null,
            "virtual_network_name": "example-vnet"
          },
          "sensitive_attributes": [],
          "private": "eyJlMmJmYjczMC1lY2FhLTExZTYtOGY4OC0zNDM2M2JjN2M0YzAiOnsiY3JlYXRlIjoxODAwMDAwMDAwMDAwLCJkZWxldGUiOjE4MDAwMDAwMDAwMDAsInJlYWQiOjMwMDAwMDAwMDAwMCwidXBkYXRlIjoxODAwMDAwMDAwMDAwfX0=",
          "dependencies": [
            "azurerm_virtual_network.example",
            "data.azurerm_resource_group.rg"
          ]
        }
      ]
    },
    {
      "mode": "managed",
      "type": "azurerm_virtual_network",
      "name": "example",
      "provider": "provider[\"registry.terraform.io/hashicorp/azurerm\"]",
      "instances": [
        {
          "schema_version": 0,
          "attributes": {
            "address_space": [
              "10.1.0.0/16"
            ],
            "bgp_community": "",
            "ddos_protection_plan": [],
            "dns_servers": [],
            "edge_zone": "",
            "encryption": [],
            "flow_timeout_in_minutes": 0,
            "guid": "adea90e0-287f-4bf9-b617-355e4e4af9ce",
            "id": "/subscriptions/c19d7631-6513-47a9-853a-70d1fe3ee746/resourceGroups/rg/providers/Microsoft.Network/virtualNetworks/example-vnet",
            "location": "eastus2",
            "name": "example-vnet",
            "resource_group_name": "rg",
            "subnet": [],
            "tags": null,
            "timeouts": null
          },
          "sensitive_attributes": [],
          "private": "eyJlMmJmYjczMC1lY2FhLTExZTYtOGY4OC0zNDM2M2JjN2M0YzAiOnsiY3JlYXRlIjoxODAwMDAwMDAwMDAwLCJkZWxldGUiOjE4MDAwMDAwMDAwMDAsInJlYWQiOjMwMDAwMDAwMDAwMCwidXBkYXRlIjoxODAwMDAwMDAwMDAwfX0=",
          "dependencies": [
            "data.azurerm_resource_group.rg"
          ]
        }
      ]
    }
  ],
  "check_results": [
    {
      "object_kind": "var",
      "config_addr": "var.bastion_name",
      "status": "pass",
      "objects": [
        {
          "object_addr": "var.bastion_name",
          "status": "pass"
        }
      ]
    }
  ]
}
